
Microsoft Visual Studio Solution File, Format Version 12.00
# Visual Studio Version 17
VisualStudioVersion = 17.9.34607.119
MinimumVisualStudioVersion = 10.0.40219.1
Project("{FAE04EC0-301F-11D3-BF4B-00C04F79EFBC}") = "Server", "Server\Server.csproj", "{F8D6B04E-E428-4BE9-B093-8C2E36C69298}"
EndProject
Project("{FAE04EC0-301F-11D3-BF4B-00C04F79EFBC}") = "Client", "Client\Client.csproj", "{8220F26E-CD7A-4811-B730-4015DAB9B335}"
EndProject
Project("{FAE04EC0-301F-11D3-BF4B-00C04F79EFBC}") = "BaseLibrary", "BaseLibrary\BaseLibrary.csproj", "{859C6E16-9305-4095-9087-374B44C6690F}"
EndProject
Project("{FAE04EC0-301F-11D3-BF4B-00C04F79EFBC}") = "ClientLibrary", "ClientLibrary\ClientLibrary.csproj", "{B52F8B12-8BA0-4FEF-94EE-D068430B4A66}"
EndProject
Project("{FAE04EC0-301F-11D3-BF4B-00C04F79EFBC}") = "ServerLibrary", "ServerLibrary\ServerLibrary.csproj", "{D1251FC4-E7EB-4F6A-9D3A-A1ED28E36BCF}"
EndProject
Global
	GlobalSection(SolutionConfigurationPlatforms) = preSolution
		Debug|Any CPU = Debug|Any CPU
		Release|Any CPU = Release|Any CPU
	EndGlobalSection
	GlobalSection(ProjectConfigurationPlatforms) = postSolution
		{F8D6B04E-E428-4BE9-B093-8C2E36C69298}.Debug|Any CPU.ActiveCfg = Debug|Any CPU
		{F8D6B04E-E428-4BE9-B093-8C2E36C69298}.Debug|Any CPU.Build.0 = Debug|Any CPU
		{F8D6B04E-E428-4BE9-B093-8C2E36C69298}.Release|Any CPU.ActiveCfg = Release|Any CPU
		{F8D6B04E-E428-4BE9-B093-8C2E36C69298}.Release|Any CPU.Build.0 = Release|Any CPU
		{8220F26E-CD7A-4811-B730-4015DAB9B335}.Debug|Any CPU.ActiveCfg = Debug|Any CPU
		{8220F26E-CD7A-4811-B730-4015DAB9B335}.Debug|Any CPU.Build.0 = Debug|Any CPU
		{8220F26E-CD7A-4811-B730-4015DAB9B335}.Release|Any CPU.ActiveCfg = Release|Any CPU
		{8220F26E-CD7A-4811-B730-4015DAB9B335}.Release|Any CPU.Build.0 = Release|Any CPU
		{859C6E16-9305-4095-9087-374B44C6690F}.Debug|Any CPU.ActiveCfg = Debug|Any CPU
		{859C6E16-9305-4095-9087-374B44C6690F}.Debug|Any CPU.Build.0 = Debug|Any CPU
		{859C6E16-9305-4095-9087-374B44C6690F}.Release|Any CPU.ActiveCfg = Release|Any CPU
		{859C6E16-9305-4095-9087-374B44C6690F}.Release|Any CPU.Build.0 = Release|Any CPU
		{B52F8B12-8BA0-4FEF-94EE-D068430B4A66}.Debug|Any CPU.ActiveCfg = Debug|Any CPU
		{B52F8B12-8BA0-4FEF-94EE-D068430B4A66}.Debug|Any CPU.Build.0 = Debug|Any CPU
		{B52F8B12-8BA0-4FEF-94EE-D068430B4A66}.Release|Any CPU.ActiveCfg = Release|Any CPU
		{B52F8B12-8BA0-4FEF-94EE-D068430B4A66}.Release|Any CPU.Build.0 = Release|Any CPU
		{D1251FC4-E7EB-4F6A-9D3A-A1ED28E36BCF}.Debug|Any CPU.ActiveCfg = Debug|Any CPU
		{D1251FC4-E7EB-4F6A-9D3A-A1ED28E36BCF}.Debug|Any CPU.Build.0 = Debug|Any CPU
		{D1251FC4-E7EB-4F6A-9D3A-A1ED28E36BCF}.Release|Any CPU.ActiveCfg = Release|Any CPU
		{D1251FC4-E7EB-4F6A-9D3A-A1ED28E36BCF}.Release|Any CPU.Build.0 = Release|Any CPU
	EndGlobalSection
	GlobalSection(SolutionProperties) = preSolution
		HideSolutionNode = FALSE
	EndGlobalSection
	GlobalSection(ExtensibilityGlobals) = postSolution
		SolutionGuid = {FDEBCE89-0AA8-4BCC-9FE7-91D635CB0501}
	EndGlobalSection
EndGlobal
